<?xml version="1.0" encoding="utf-8"?>
<Project ToolsVersion="4.0" xmlns="http://schemas.microsoft.com/developer/msbuild/2003">
  <ItemGroup>
    <Filter Include="Resource Files">
      <UniqueIdentifier>{1a913106-0be0-4476-b0ce-2aa855072614}</UniqueIdentifier>
      <Extensions>ico;cur;bmp;dlg;rc2;rct;bin;cnt;rtf;gif;jpg;jpeg;jpe</Extensions>
    </Filter>
    <Filter Include="MFC">
      <UniqueIdentifier>{da904ee8-7f59-4a6c-b3ff-b91b6fb6d0ea}</UniqueIdentifier>
    </Filter>
    <Filter Include="GameLibrary">
      <UniqueIdentifier>{df7aa532-3fdf-46a0-b3fc-8f5922e8d9e4}</UniqueIdentifier>
    </Filter>
    <Filter Include="MyGame">
      <UniqueIdentifier>{0c798913-b7d2-4e26-8241-0f83266cd626}</UniqueIdentifier>
    </Filter>
  </ItemGroup>
  <ItemGroup>
    <None Include="Res\ball.bmp">
      <Filter>Resource Files</Filter>
    </None>
    <None Include="RES\bmp0.bmp">
      <Filter>Resource Files</Filter>
    </None>
    <None Include="RES\bmp1.bmp">
      <Filter>Resource Files</Filter>
    </None>
    <None Include="RES\bmp10.bmp">
      <Filter>Resource Files</Filter>
    </None>
    <None Include="RES\bmp2.bmp">
      <Filter>Resource Files</Filter>
    </None>
    <None Include="RES\bmp3.bmp">
      <Filter>Resource Files</Filter>
    </None>
    <None Include="RES\bmp4.bmp">
      <Filter>Resource Files</Filter>
    </None>
    <None Include="RES\bmp5.bmp">
      <Filter>Resource Files</Filter>
    </None>
    <None Include="RES\bmp6.bmp">
      <Filter>Resource Files</Filter>
    </None>
    <None Include="RES\bmp7.bmp">
      <Filter>Resource Files</Filter>
    </None>
    <None Include="RES\bmp8.bmp">
      <Filter>Resource Files</Filter>
    </None>
    <None Include="RES\bmp9.bmp">
      <Filter>Resource Files</Filter>
    </None>
    <None Include="RES\center.bmp">
      <Filter>Resource Files</Filter>
    </None>
    <None Include="RES\continue.bmp">
      <Filter>Resource Files</Filter>
    </None>
    <None Include="Res\corner.bmp">
      <Filter>Resource Files</Filter>
    </None>
    <None Include="RES\eraser1.bmp">
      <Filter>Resource Files</Filter>
    </None>
    <None Include="RES\eraser2.bmp">
      <Filter>Resource Files</Filter>
    </None>
    <None Include="RES\eraser3.bmp">
      <Filter>Resource Files</Filter>
    </None>
    <None Include="res\game.ico">
      <Filter>Resource Files</Filter>
    </None>
    <None Include="res\game.rc2">
      <Filter>Resource Files</Filter>
    </None>
    <None Include="RES\gamecurs.cur">
      <Filter>Resource Files</Filter>
    </None>
    <None Include="res\gameDoc.ico">
      <Filter>Resource Files</Filter>
    </None>
    <None Include="RES\help.bmp">
      <Filter>Resource Files</Filter>
    </None>
    <None Include="RES\loading.bmp">
      <Filter>Resource Files</Filter>
    </None>
    <None Include="RES\ntutcsie.bmp">
      <Filter>Resource Files</Filter>
    </None>
    <None Include="res\Toolbar.bmp">
      <Filter>Resource Files</Filter>
    </None>
  </ItemGroup>
  <ItemGroup>
    <ClCompile Include="Source\audio.cpp">
      <Filter>GameLibrary</Filter>
    </ClCompile>
    <ClCompile Include="Source\game.cpp">
      <Filter>MFC</Filter>
    </ClCompile>
    <ClCompile Include="Source\gameDoc.cpp">
      <Filter>MFC</Filter>
    </ClCompile>
    <ClCompile Include="Source\gamelib.cpp">
      <Filter>GameLibrary</Filter>
    </ClCompile>
    <ClCompile Include="Source\gameView.cpp">
      <Filter>MFC</Filter>
    </ClCompile>
    <ClCompile Include="Source\MainFrm.cpp">
      <Filter>MFC</Filter>
    </ClCompile>
    <ClCompile Include="Source\StdAfx.cpp">
      <Filter>MFC</Filter>
    </ClCompile>
    <ClCompile Include="Source\mygame.cpp">
      <Filter>MyGame</Filter>
    </ClCompile>
    <ClCompile Include="Source\CEraser.cpp">
      <Filter>MyGame</Filter>
    </ClCompile>
    <ClCompile Include="Source\CBall.cpp">
      <Filter>MyGame</Filter>
    </ClCompile>
    <ClCompile Include="Source\CBouncingBall.cpp">
      <Filter>MyGame</Filter>
    </ClCompile>
    <ClCompile Include="Source\Character.cpp">
      <Filter>MyGame</Filter>
    </ClCompile>
    <ClCompile Include="Source\Map.cpp">
      <Filter>MyGame</Filter>
    </ClCompile>
    <ClCompile Include="Source\MapForBoss.cpp">
      <Filter>MyGame</Filter>
    </ClCompile>
    <ClCompile Include="Source\Prop.cpp">
      <Filter>MyGame</Filter>
    </ClCompile>
    <ClCompile Include="Source\PropsBook.cpp">
      <Filter>MyGame</Filter>
    </ClCompile>
    <ClCompile Include="Source\Source.cpp" />
  </ItemGroup>
  <ItemGroup>
    <ClInclude Include="Source\audio.h">
      <Filter>GameLibrary</Filter>
    </ClInclude>
    <ClInclude Include="Source\game.h">
      <Filter>MFC</Filter>
    </ClInclude>
    <ClInclude Include="Source\gameDoc.h">
      <Filter>MFC</Filter>
    </ClInclude>
    <ClInclude Include="Source\gamelib.h">
      <Filter>GameLibrary</Filter>
    </ClInclude>
    <ClInclude Include="Source\gameView.h">
      <Filter>MFC</Filter>
    </ClInclude>
    <ClInclude Include="Source\MainFrm.h">
      <Filter>MFC</Filter>
    </ClInclude>
    <ClInclude Include="Source\Resource.h">
      <Filter>MFC</Filter>
    </ClInclude>
    <ClInclude Include="Source\StdAfx.h">
      <Filter>MFC</Filter>
    </ClInclude>
    <ClInclude Include="Source\mygame.h">
      <Filter>MyGame</Filter>
    </ClInclude>
    <ClInclude Include="Source\CEraser.h">
      <Filter>MyGame</Filter>
    </ClInclude>
    <ClInclude Include="Source\CBall.h">
      <Filter>MyGame</Filter>
    </ClInclude>
    <ClInclude Include="Source\CBouncingBall.h">
      <Filter>MyGame</Filter>
    </ClInclude>
    <ClInclude Include="Source\Character.h">
      <Filter>MyGame</Filter>
    </ClInclude>
    <ClInclude Include="Source\Map.h">
      <Filter>MyGame</Filter>
    </ClInclude>
    <ClInclude Include="Source\MapForBoss.h">
      <Filter>MyGame</Filter>
    </ClInclude>
    <ClInclude Include="Source\Util.h">
      <Filter>MyGame</Filter>
    </ClInclude>
    <ClInclude Include="Source\Prop.h">
      <Filter>MyGame</Filter>
    </ClInclude>
    <ClInclude Include="Source\PropsBook.h">
      <Filter>MyGame</Filter>
    </ClInclude>
    <ClInclude Include="Source\Source.h" />
  </ItemGroup>
  <ItemGroup>
    <ResourceCompile Include="Source\game.rc">
      <Filter>MFC</Filter>
    </ResourceCompile>
  </ItemGroup>
  <ItemGroup>
    <Image Include="RES\MiConv.com__unknown.bmp">
      <Filter>Resource Files</Filter>
    </Image>
    <Image Include="RES\MeviusLevitating.bmp">
      <Filter>Resource Files</Filter>
    </Image>
    <Image Include="res\boss_map.bmp">
      <Filter>Resource Files</Filter>
    </Image>
    <Image Include="res\bitmap3.bmp">
      <Filter>Resource Files</Filter>
    </Image>
    <Image Include="res\bmp00001.bmp">
      <Filter>Resource Files</Filter>
    </Image>
    <Image Include="res\bmp00002.bmp">
      <Filter>Resource Files</Filter>
    </Image>
    <Image Include="res\bmp00003.bmp">
      <Filter>Resource Files</Filter>
    </Image>
    <Image Include="res\bmp00004.bmp">
      <Filter>Resource Files</Filter>
    </Image>
    <Image Include="res\bmp00005.bmp">
      <Filter>Resource Files</Filter>
    </Image>
    <Image Include="res\bmp00006.bmp">
      <Filter>Resource Files</Filter>
    </Image>
    <Image Include="res\bmp00007.bmp">
      <Filter>Resource Files</Filter>
    </Image>
    <Image Include="RES\right_jump.bmp">
      <Filter>Resource Files</Filter>
    </Image>
    <Image Include="RES\stand.bmp">
      <Filter>Resource Files</Filter>
    </Image>
    <Image Include="RES\walk01.bmp">
      <Filter>Resource Files</Filter>
    </Image>
    <Image Include="RES\walk02.bmp">
      <Filter>Resource Files</Filter>
    </Image>
    <Image Include="RES\walk03.bmp">
      <Filter>Resource Files</Filter>
    </Image>
    <Image Include="res\right_stand.bmp">
      <Filter>Resource Files</Filter>
    </Image>
    <Image Include="res\right_walk01.bmp">
      <Filter>Resource Files</Filter>
    </Image>
    <Image Include="res\right_walk02.bmp">
      <Filter>Resource Files</Filter>
    </Image>
    <Image Include="res\right_walk03.bmp">
      <Filter>Resource Files</Filter>
    </Image>
    <Image Include="res\s_right_jump.bmp">
      <Filter>Resource Files</Filter>
    </Image>
    <Image Include="res\s_right_stand.bmp">
      <Filter>Resource Files</Filter>
    </Image>
    <Image Include="res\s_right_walk01.bmp">
      <Filter>Resource Files</Filter>
    </Image>
    <Image Include="res\s_right_walk02.bmp">
      <Filter>Resource Files</Filter>
    </Image>
    <Image Include="res\s_right_walk03.bmp">
      <Filter>Resource Files</Filter>
    </Image>
    <Image Include="res\s_right_attack01.bmp">
      <Filter>Resource Files</Filter>
    </Image>
    <Image Include="res\s_right_attack02.bmp">
      <Filter>Resource Files</Filter>
    </Image>
    <Image Include="res\s_right_attack03.bmp">
      <Filter>Resource Files</Filter>
    </Image>
    <Image Include="res\s_right_attack04.bmp">
      <Filter>Resource Files</Filter>
    </Image>
    <Image Include="res\s_left_jump.bmp">
      <Filter>Resource Files</Filter>
    </Image>
    <Image Include="res\s_left_stand.bmp">
      <Filter>Resource Files</Filter>
    </Image>
    <Image Include="res\s_left_walk01.bmp">
      <Filter>Resource Files</Filter>
    </Image>
    <Image Include="res\s_left_walk02.bmp">
      <Filter>Resource Files</Filter>
    </Image>
    <Image Include="res\s_left_walk03.bmp">
      <Filter>Resource Files</Filter>
    </Image>
    <Image Include="res\s_left_attack01.bmp">
      <Filter>Resource Files</Filter>
    </Image>
    <Image Include="res\s_left_attack02.bmp">
      <Filter>Resource Files</Filter>
    </Image>
    <Image Include="res\s_left_attack03.bmp">
      <Filter>Resource Files</Filter>
    </Image>
    <Image Include="res\s_left_attack04.bmp">
      <Filter>Resource Files</Filter>
    </Image>
    <Image Include="res\g_right_jump.bmp">
      <Filter>Resource Files</Filter>
    </Image>
    <Image Include="res\g_right_stand.bmp">
      <Filter>Resource Files</Filter>
    </Image>
    <Image Include="res\g_right_walk01.bmp">
      <Filter>Resource Files</Filter>
    </Image>
    <Image Include="res\g_right_walk02.bmp">
      <Filter>Resource Files</Filter>
    </Image>
    <Image Include="res\g_right_walk03.bmp">
      <Filter>Resource Files</Filter>
    </Image>
    <Image Include="res\g_left_jump.bmp">
      <Filter>Resource Files</Filter>
    </Image>
    <Image Include="res\g_left_stand.bmp">
      <Filter>Resource Files</Filter>
    </Image>
    <Image Include="res\g_left_walk01.bmp">
      <Filter>Resource Files</Filter>
    </Image>
    <Image Include="res\g_left_walk02.bmp">
      <Filter>Resource Files</Filter>
    </Image>
    <Image Include="res\g_left_walk03.bmp">
      <Filter>Resource Files</Filter>
    </Image>
    <Image Include="res\left_roll01.bmp">
      <Filter>Resource Files</Filter>
    </Image>
    <Image Include="res\left_roll02.bmp">
      <Filter>Resource Files</Filter>
    </Image>
    <Image Include="res\left_roll03.bmp">
      <Filter>Resource Files</Filter>
    </Image>
    <Image Include="res\left_roll04.bmp">
      <Filter>Resource Files</Filter>
    </Image>
    <Image Include="res\left_roll05.bmp">
      <Filter>Resource Files</Filter>
    </Image>
    <Image Include="res\left_roll06.bmp">
      <Filter>Resource Files</Filter>
    </Image>
    <Image Include="res\left_roll07.bmp">
      <Filter>Resource Files</Filter>
    </Image>
    <Image Include="res\left_roll08.bmp">
      <Filter>Resource Files</Filter>
    </Image>
    <Image Include="res\right_roll01.bmp">
      <Filter>Resource Files</Filter>
    </Image>
    <Image Include="res\right_roll02.bmp">
      <Filter>Resource Files</Filter>
    </Image>
    <Image Include="res\right_roll03.bmp">
      <Filter>Resource Files</Filter>
    </Image>
    <Image Include="res\right_roll04.bmp">
      <Filter>Resource Files</Filter>
    </Image>
    <Image Include="res\right_roll05.bmp">
      <Filter>Resource Files</Filter>
    </Image>
    <Image Include="res\right_roll06.bmp">
      <Filter>Resource Files</Filter>
    </Image>
    <Image Include="res\right_roll07.bmp">
      <Filter>Resource Files</Filter>
    </Image>
    <Image Include="res\right_roll08.bmp">
      <Filter>Resource Files</Filter>
    </Image>
    <Image Include="res\boss_right_stand.bmp">
      <Filter>Resource Files</Filter>
    </Image>
    <Image Include="res\boss_right_collide01.bmp">
      <Filter>Resource Files</Filter>
    </Image>
    <Image Include="res\boss_right_collide02.bmp">
      <Filter>Resource Files</Filter>
    </Image>
    <Image Include="res\boss_right_collide03.bmp">
      <Filter>Resource Files</Filter>
    </Image>
    <Image Include="res\boss_right_collide04.bmp">
      <Filter>Resource Files</Filter>
    </Image>
    <Image Include="res\boss_right_dead01.bmp">
      <Filter>Resource Files</Filter>
    </Image>
    <Image Include="res\boss_right_dead02.bmp">
      <Filter>Resource Files</Filter>
    </Image>
    <Image Include="res\boss_right_dead03.bmp">
      <Filter>Resource Files</Filter>
    </Image>
    <Image Include="res\boss_right_dead04.bmp">
      <Filter>Resource Files</Filter>
    </Image>
    <Image Include="res\boss_right_dead05.bmp">
      <Filter>Resource Files</Filter>
    </Image>
    <Image Include="res\boss_right_dead06.bmp">
      <Filter>Resource Files</Filter>
    </Image>
    <Image Include="res\boss_right_hit_effect04.bmp">
      <Filter>Resource Files</Filter>
    </Image>
    <Image Include="res\boss_right_hit_effect05.bmp">
      <Filter>Resource Files</Filter>
    </Image>
    <Image Include="res\boss_right_hit01.bmp">
      <Filter>Resource Files</Filter>
    </Image>
    <Image Include="res\boss_right_hit02.bmp">
      <Filter>Resource Files</Filter>
    </Image>
    <Image Include="res\boss_right_hit03.bmp">
      <Filter>Resource Files</Filter>
    </Image>
    <Image Include="res\boss_right_hit04.bmp">
      <Filter>Resource Files</Filter>
    </Image>
    <Image Include="res\boss_right_hit05.bmp">
      <Filter>Resource Files</Filter>
    </Image>
    <Image Include="res\boss_right_hit06.bmp">
      <Filter>Resource Files</Filter>
    </Image>
    <Image Include="res\boss_right_thorn01.bmp">
      <Filter>Resource Files</Filter>
    </Image>
    <Image Include="res\boss_right_thorn02.bmp">
      <Filter>Resource Files</Filter>
    </Image>
    <Image Include="res\boss_right_thorn03.bmp">
      <Filter>Resource Files</Filter>
    </Image>
    <Image Include="res\boss_right_walk01.bmp">
      <Filter>Resource Files</Filter>
    </Image>
    <Image Include="res\boss_right_walk02.bmp">
      <Filter>Resource Files</Filter>
    </Image>
    <Image Include="res\boss_right_walk03.bmp">
      <Filter>Resource Files</Filter>
    </Image>
    <Image Include="res\boss_right_walk04.bmp">
      <Filter>Resource Files</Filter>
    </Image>
    <Image Include="res\thron_grow01.bmp">
      <Filter>Resource Files</Filter>
    </Image>
    <Image Include="res\thron_grow02.bmp">
      <Filter>Resource Files</Filter>
    </Image>
    <Image Include="res\thron_red.bmp">
      <Filter>Resource Files</Filter>
    </Image>
    <Image Include="res\cactus_alive.bmp">
      <Filter>Resource Files</Filter>
    </Image>
    <Image Include="res\cactus_dead.bmp">
      <Filter>Resource Files</Filter>
    </Image>
    <Image Include="res\boss_left_stand.bmp">
      <Filter>Resource Files</Filter>
    </Image>
    <Image Include="res\boss_left_collide01.bmp">
      <Filter>Resource Files</Filter>
    </Image>
    <Image Include="res\boss_left_collide02.bmp">
      <Filter>Resource Files</Filter>
    </Image>
    <Image Include="res\boss_left_collide03.bmp">
      <Filter>Resource Files</Filter>
    </Image>
    <Image Include="res\boss_left_collide04.bmp">
      <Filter>Resource Files</Filter>
    </Image>
    <Image Include="res\boss_left_dead01.bmp">
      <Filter>Resource Files</Filter>
    </Image>
    <Image Include="res\boss_left_dead02.bmp">
      <Filter>Resource Files</Filter>
    </Image>
    <Image Include="res\boss_left_dead03.bmp">
      <Filter>Resource Files</Filter>
    </Image>
    <Image Include="res\boss_left_dead04.bmp">
      <Filter>Resource Files</Filter>
    </Image>
    <Image Include="res\boss_left_dead05.bmp">
      <Filter>Resource Files</Filter>
    </Image>
    <Image Include="res\boss_left_dead06.bmp">
      <Filter>Resource Files</Filter>
    </Image>
    <Image Include="res\boss_left_hit_effect04.bmp">
      <Filter>Resource Files</Filter>
    </Image>
    <Image Include="res\boss_left_hit_effect05.bmp">
      <Filter>Resource Files</Filter>
    </Image>
    <Image Include="res\boss_left_hit01.bmp">
      <Filter>Resource Files</Filter>
    </Image>
    <Image Include="res\boss_left_hit02.bmp">
      <Filter>Resource Files</Filter>
    </Image>
    <Image Include="res\boss_left_hit03.bmp">
      <Filter>Resource Files</Filter>
    </Image>
    <Image Include="res\boss_left_hit04.bmp">
      <Filter>Resource Files</Filter>
    </Image>
    <Image Include="res\boss_left_hit05.bmp">
      <Filter>Resource Files</Filter>
    </Image>
    <Image Include="res\boss_left_hit06.bmp">
      <Filter>Resource Files</Filter>
    </Image>
    <Image Include="res\boss_left_thorn01.bmp">
      <Filter>Resource Files</Filter>
    </Image>
    <Image Include="res\boss_left_thorn02.bmp">
      <Filter>Resource Files</Filter>
    </Image>
    <Image Include="res\boss_left_thorn03.bmp">
      <Filter>Resource Files</Filter>
    </Image>
    <Image Include="res\boss_left_walk01.bmp">
      <Filter>Resource Files</Filter>
    </Image>
    <Image Include="res\boss_left_walk02.bmp">
      <Filter>Resource Files</Filter>
    </Image>
    <Image Include="res\boss_left_walk03.bmp">
      <Filter>Resource Files</Filter>
    </Image>
    <Image Include="res\boss_left_walk04.bmp">
      <Filter>Resource Files</Filter>
    </Image>
    <Image Include="RES\props_book.bmp">
      <Filter>Resource Files</Filter>
    </Image>
    <Image Include="res\source_grass_fast.bmp">
      <Filter>Resource Files</Filter>
    </Image>
    <Image Include="res\props_grass_fast.bmp">
      <Filter>Resource Files</Filter>
    </Image>
    <Image Include="res\prop_grass_fast.bmp">
      <Filter>Resource Files</Filter>
    </Image>
    <Image Include="res\prop_guava_juice_blood.bmp">
      <Filter>Resource Files</Filter>
    </Image>
    <Image Include="res\prop_mosquito_jump.bmp">
      <Filter>Resource Files</Filter>
    </Image>
    <Image Include="res\prop_shrimp_attack.bmp">
      <Filter>Resource Files</Filter>
    </Image>
    <Image Include="res\prop_shrimp_blood.bmp">
      <Filter>Resource Files</Filter>
    </Image>
    <Image Include="res\prop_banana_attack.bmp">
      <Filter>Resource Files</Filter>
    </Image>
    <Image Include="res\props_book_choice.bmp">
      <Filter>Resource Files</Filter>
    </Image>
    <Image Include="res\prop_have.bmp">
      <Filter>Resource Files</Filter>
    </Image>
    <Image Include="res\props_pot1.bmp">
      <Filter>Resource Files</Filter>
    </Image>
  </ItemGroup>
</Project>